
Microsoft Visual Studio Solution File, Format Version 12.00
# Visual Studio Version 17
VisualStudioVersion = 17.0.31903.59
MinimumVisualStudioVersion = 10.0.40219.1
Project("{FAE04EC0-301F-11D3-BF4B-00C04F79EFBC}") = "MainServerApp", "MainServerApp\MainServerApp.csproj", "{3736852D-A4EB-4374-8D82-8ADCCDC8BDA8}"
EndProject
Project("{2150E333-8FDC-42A3-9474-1A3956D46DE8}") = "Referenced", "Referenced", "{E0C99CFA-A175-4DED-B83F-DBC0400A3099}"
EndProject
Project("{FAE04EC0-301F-11D3-BF4B-00C04F79EFBC}") = "RazorLib1", "Referenced\RazorLib1\RazorLib1.csproj", "{7C05A2C7-0104-4F72-9BAC-F34F00E8637E}"
EndProject
Project("{FAE04EC0-301F-11D3-BF4B-00C04F79EFBC}") = "ServerApp1", "Referenced\ServerApp1\ServerApp1.csproj", "{47A30825-81B5-4487-BAF8-2E7A023C08CD}"
EndProject
Project("{FAE04EC0-301F-11D3-BF4B-00C04F79EFBC}") = "WasmApp0", "Referenced\WasmApp0\WasmApp0.csproj", "{F6BC2998-EEA5-41F8-BDCC-CD1B7DD20A9A}"
EndProject
Project("{2150E333-8FDC-42A3-9474-1A3956D46DE8}") = "Build", "Build", "{02EA681E-C7D8-13C7-8484-4AC65E1B71E8}"
	ProjectSection(SolutionItems) = preProject
		Build\Build.targets = Build\Build.targets
	EndProjectSection
EndProject
Project("{FAE04EC0-301F-11D3-BF4B-00C04F79EFBC}") = "WasmApp1", "Referenced\WasmApp1\WasmApp1.csproj", "{7C053F80-F4F7-7182-F3D6-41B70D8F7840}"
EndProject
Project("{FAE04EC0-301F-11D3-BF4B-00C04F79EFBC}") = "MainWasmApp", "MainWasmApp\MainWasmApp.csproj", "{1924E8EC-E23F-883C-5E69-EDAFEDBCA7E2}"
EndProject
Project("{FAE04EC0-301F-11D3-BF4B-00C04F79EFBC}") = "ServerApp0", "Referenced\ServerApp0\ServerApp0.csproj", "{C7005814-FB4D-22F8-4C7F-E74732F3F5AC}"
EndProject
Project("{FAE04EC0-301F-11D3-BF4B-00C04F79EFBC}") = "MainWPFApp", "MainWPFApp\MainWPFApp.csproj", "{972ACA09-6AB7-2A33-2765-288910F0AC5D}"
EndProject
Global
	GlobalSection(SolutionConfigurationPlatforms) = preSolution
		Debug|Any CPU = Debug|Any CPU
		Release|Any CPU = Release|Any CPU
	EndGlobalSection
	GlobalSection(ProjectConfigurationPlatforms) = postSolution
		{3736852D-A4EB-4374-8D82-8ADCCDC8BDA8}.Debug|Any CPU.ActiveCfg = Debug|Any CPU
		{3736852D-A4EB-4374-8D82-8ADCCDC8BDA8}.Debug|Any CPU.Build.0 = Debug|Any CPU
		{3736852D-A4EB-4374-8D82-8ADCCDC8BDA8}.Release|Any CPU.ActiveCfg = Release|Any CPU
		{3736852D-A4EB-4374-8D82-8ADCCDC8BDA8}.Release|Any CPU.Build.0 = Release|Any CPU
		{7C05A2C7-0104-4F72-9BAC-F34F00E8637E}.Debug|Any CPU.ActiveCfg = Debug|Any CPU
		{7C05A2C7-0104-4F72-9BAC-F34F00E8637E}.Debug|Any CPU.Build.0 = Debug|Any CPU
		{7C05A2C7-0104-4F72-9BAC-F34F00E8637E}.Release|Any CPU.ActiveCfg = Release|Any CPU
		{7C05A2C7-0104-4F72-9BAC-F34F00E8637E}.Release|Any CPU.Build.0 = Release|Any CPU
		{47A30825-81B5-4487-BAF8-2E7A023C08CD}.Debug|Any CPU.ActiveCfg = Debug|Any CPU
		{47A30825-81B5-4487-BAF8-2E7A023C08CD}.Debug|Any CPU.Build.0 = Debug|Any CPU
		{47A30825-81B5-4487-BAF8-2E7A023C08CD}.Release|Any CPU.ActiveCfg = Release|Any CPU
		{47A30825-81B5-4487-BAF8-2E7A023C08CD}.Release|Any CPU.Build.0 = Release|Any CPU
		{F6BC2998-EEA5-41F8-BDCC-CD1B7DD20A9A}.Debug|Any CPU.ActiveCfg = Debug|Any CPU
		{F6BC2998-EEA5-41F8-BDCC-CD1B7DD20A9A}.Debug|Any CPU.Build.0 = Debug|Any CPU
		{F6BC2998-EEA5-41F8-BDCC-CD1B7DD20A9A}.Release|Any CPU.ActiveCfg = Release|Any CPU
		{F6BC2998-EEA5-41F8-BDCC-CD1B7DD20A9A}.Release|Any CPU.Build.0 = Release|Any CPU
		{7C053F80-F4F7-7182-F3D6-41B70D8F7840}.Debug|Any CPU.ActiveCfg = Debug|Any CPU
		{7C053F80-F4F7-7182-F3D6-41B70D8F7840}.Debug|Any CPU.Build.0 = Debug|Any CPU
		{7C053F80-F4F7-7182-F3D6-41B70D8F7840}.Release|Any CPU.ActiveCfg = Release|Any CPU
		{7C053F80-F4F7-7182-F3D6-41B70D8F7840}.Release|Any CPU.Build.0 = Release|Any CPU
		{1924E8EC-E23F-883C-5E69-EDAFEDBCA7E2}.Debug|Any CPU.ActiveCfg = Debug|Any CPU
		{1924E8EC-E23F-883C-5E69-EDAFEDBCA7E2}.Debug|Any CPU.Build.0 = Debug|Any CPU
		{1924E8EC-E23F-883C-5E69-EDAFEDBCA7E2}.Release|Any CPU.ActiveCfg = Release|Any CPU
		{1924E8EC-E23F-883C-5E69-EDAFEDBCA7E2}.Release|Any CPU.Build.0 = Release|Any CPU
		{C7005814-FB4D-22F8-4C7F-E74732F3F5AC}.Debug|Any CPU.ActiveCfg = Debug|Any CPU
		{C7005814-FB4D-22F8-4C7F-E74732F3F5AC}.Debug|Any CPU.Build.0 = Debug|Any CPU
		{C7005814-FB4D-22F8-4C7F-E74732F3F5AC}.Release|Any CPU.ActiveCfg = Release|Any CPU
		{C7005814-FB4D-22F8-4C7F-E74732F3F5AC}.Release|Any CPU.Build.0 = Release|Any CPU
		{972ACA09-6AB7-2A33-2765-288910F0AC5D}.Debug|Any CPU.ActiveCfg = Debug|Any CPU
		{972ACA09-6AB7-2A33-2765-288910F0AC5D}.Debug|Any CPU.Build.0 = Debug|Any CPU
		{972ACA09-6AB7-2A33-2765-288910F0AC5D}.Release|Any CPU.ActiveCfg = Release|Any CPU
		{972ACA09-6AB7-2A33-2765-288910F0AC5D}.Release|Any CPU.Build.0 = Release|Any CPU
	EndGlobalSection
	GlobalSection(SolutionProperties) = preSolution
		HideSolutionNode = FALSE
	EndGlobalSection
	GlobalSection(NestedProjects) = preSolution
		{7C05A2C7-0104-4F72-9BAC-F34F00E8637E} = {E0C99CFA-A175-4DED-B83F-DBC0400A3099}
		{47A30825-81B5-4487-BAF8-2E7A023C08CD} = {E0C99CFA-A175-4DED-B83F-DBC0400A3099}
		{F6BC2998-EEA5-41F8-BDCC-CD1B7DD20A9A} = {E0C99CFA-A175-4DED-B83F-DBC0400A3099}
		{7C053F80-F4F7-7182-F3D6-41B70D8F7840} = {E0C99CFA-A175-4DED-B83F-DBC0400A3099}
		{C7005814-FB4D-22F8-4C7F-E74732F3F5AC} = {E0C99CFA-A175-4DED-B83F-DBC0400A3099}
	EndGlobalSection
	GlobalSection(ExtensibilityGlobals) = postSolution
		SolutionGuid = {0D287715-B76C-4DD5-9B67-481F4FD1B270}
	EndGlobalSection
EndGlobal
